
Microsoft Visual Studio Solution File, Format Version 12.00
# Visual Studio 14
VisualStudioVersion = 14.0.25420.1
MinimumVisualStudioVersion = 10.0.40219.1
Project("{FAE04EC0-301F-11D3-BF4B-00C04F79EFBC}") = "NovelDownloader.App", "NovelDownloaderApp\NovelDownloader.App.csproj", "{109D81F1-542F-4136-9C7B-4065546E50AA}"
EndProject
Project("{FAE04EC0-301F-11D3-BF4B-00C04F79EFBC}") = "Plugin.PiaoTian", "Plugin.PiaoTian\Plugin.PiaoTian.csproj", "{FA02B48B-EACA-43CB-8B73-5E6097106B3C}"
EndProject
Project("{FAE04EC0-301F-11D3-BF4B-00C04F79EFBC}") = "NovelDownloader.PluginManager", "JCND.PluginManager\NovelDownloader.PluginManager.csproj", "{33D41A47-31C8-4CB4-B170-A2267C477927}"
EndProject
Global
	GlobalSection(SolutionConfigurationPlatforms) = preSolution
		Debug|Any CPU = Debug|Any CPU
		Release|Any CPU = Release|Any CPU
	EndGlobalSection
	GlobalSection(ProjectConfigurationPlatforms) = postSolution
		{109D81F1-542F-4136-9C7B-4065546E50AA}.Debug|Any CPU.ActiveCfg = Debug|Any CPU
		{109D81F1-542F-4136-9C7B-4065546E50AA}.Debug|Any CPU.Build.0 = Debug|Any CPU
		{109D81F1-542F-4136-9C7B-4065546E50AA}.Release|Any CPU.ActiveCfg = Release|Any CPU
		{109D81F1-542F-4136-9C7B-4065546E50AA}.Release|Any CPU.Build.0 = Release|Any CPU
		{FA02B48B-EACA-43CB-8B73-5E6097106B3C}.Debug|Any CPU.ActiveCfg = Debug|Any CPU
		{FA02B48B-EACA-43CB-8B73-5E6097106B3C}.Debug|Any CPU.Build.0 = Debug|Any CPU
		{FA02B48B-EACA-43CB-8B73-5E6097106B3C}.Release|Any CPU.ActiveCfg = Release|Any CPU
		{FA02B48B-EACA-43CB-8B73-5E6097106B3C}.Release|Any CPU.Build.0 = Release|Any CPU
		{33D41A47-31C8-4CB4-B170-A2267C477927}.Debug|Any CPU.ActiveCfg = Debug|Any CPU
		{33D41A47-31C8-4CB4-B170-A2267C477927}.Debug|Any CPU.Build.0 = Debug|Any CPU
		{33D41A47-31C8-4CB4-B170-A2267C477927}.Release|Any CPU.ActiveCfg = Release|Any CPU
		{33D41A47-31C8-4CB4-B170-A2267C477927}.Release|Any CPU.Build.0 = Release|Any CPU
	EndGlobalSection
	GlobalSection(SolutionProperties) = preSolution
		HideSolutionNode = FALSE
	EndGlobalSection
EndGlobal
